Microsoft Visual Studio Solution File, Format Version 11.00
# Visual Studio 2008

Project("{E9DBE140-F244-5F69-6AF4-F2AD9CFEF704}") = "vwts", "Assembly-CSharp-firstpass.csproj", "{DF41ACDA-5834-81A9-685B-C055009EFD82}"
EndProject
Project("{E9DBE140-F244-5F69-6AF4-F2AD9CFEF704}") = "vwts", "Assembly-UnityScript.unityproj", "{634C2D40-C6DC-DCD8-6991-C076ABFA1676}"
EndProject
Global
	GlobalSection(SolutionConfigurationPlatforms) = preSolution
		Debug|Any CPU = Debug|Any CPU
		Release|Any CPU = Release|Any CPU
	EndGlobalSection
	GlobalSection(ProjectConfigurationPlatforms) = postSolution
		{DF41ACDA-5834-81A9-685B-C055009EFD82}.Debug|Any CPU.ActiveCfg = Debug|Any CPU
		{DF41ACDA-5834-81A9-685B-C055009EFD82}.Debug|Any CPU.Build.0 = Debug|Any CPU
		{DF41ACDA-5834-81A9-685B-C055009EFD82}.Release|Any CPU.ActiveCfg = Release|Any CPU
		{DF41ACDA-5834-81A9-685B-C055009EFD82}.Release|Any CPU.Build.0 = Release|Any CPU
		{634C2D40-C6DC-DCD8-6991-C076ABFA1676}.Debug|Any CPU.ActiveCfg = Debug|Any CPU
		{634C2D40-C6DC-DCD8-6991-C076ABFA1676}.Debug|Any CPU.Build.0 = Debug|Any CPU
		{634C2D40-C6DC-DCD8-6991-C076ABFA1676}.Release|Any CPU.ActiveCfg = Release|Any CPU
		{634C2D40-C6DC-DCD8-6991-C076ABFA1676}.Release|Any CPU.Build.0 = Release|Any CPU
	EndGlobalSection
	GlobalSection(SolutionProperties) = preSolution
		HideSolutionNode = FALSE
	EndGlobalSection
	GlobalSection(MonoDevelopProperties) = preSolution
		StartupItem = Assembly-CSharp.csproj
	EndGlobalSection
EndGlobal
